
Microsoft Visual Studio Solution File, Format Version 12.00
# Visual Studio Version 17
VisualStudioVersion = 17.7.34302.85
MinimumVisualStudioVersion = 10.0.40219.1
Project("{FAE04EC0-301F-11D3-BF4B-00C04F79EFBC}") = "L40_databasePlayers", "L40_databasePlayers.csproj", "{C7348232-C0DC-497A-8B62-7177D7CB76BB}"
EndProject
Global
	GlobalSection(SolutionConfigurationPlatforms) = preSolution
		Debug|Any CPU = Debug|Any CPU
		Release|Any CPU = Release|Any CPU
	EndGlobalSection
	GlobalSection(ProjectConfigurationPlatforms) = postSolution
		{C7348232-C0DC-497A-8B62-7177D7CB76BB}.Debug|Any CPU.ActiveCfg = Debug|Any CPU
		{C7348232-C0DC-497A-8B62-7177D7CB76BB}.Debug|Any CPU.Build.0 = Debug|Any CPU
		{C7348232-C0DC-497A-8B62-7177D7CB76BB}.Release|Any CPU.ActiveCfg = Release|Any CPU
		{C7348232-C0DC-497A-8B62-7177D7CB76BB}.Release|Any CPU.Build.0 = Release|Any CPU
	EndGlobalSection
	GlobalSection(SolutionProperties) = preSolution
		HideSolutionNode = FALSE
	EndGlobalSection
	GlobalSection(ExtensibilityGlobals) = postSolution
		SolutionGuid = {ED3645AE-5332-48DA-AE7A-550A0C7D1075}
	EndGlobalSection
EndGlobal
